
Microsoft Visual Studio Solution File, Format Version 12.00
# Visual Studio 2012
Project("{FAE04EC0-301F-11D3-BF4B-00C04F79EFBC}") = "Metrolib", "Metrolib\Metrolib.csproj", "{8BDC066F-3253-49EF-8096-3DFB4E032D4B}"
EndProject
Project("{FAE04EC0-301F-11D3-BF4B-00C04F79EFBC}") = "Metrolib.Test", "Metrolib.Test\Metrolib.Test.csproj", "{092515A0-A36C-4177-B2C5-32FCB5FF8E67}"
EndProject
Project("{FAE04EC0-301F-11D3-BF4B-00C04F79EFBC}") = "Metrolib.Sample", "Metrolib.Sample\Metrolib.Sample.csproj", "{47B2A88D-1E51-469D-A24E-8F05B1FB994D}"
EndProject
Project("{2150E333-8FDC-42A3-9474-1A3956D46DE8}") = "Solution Items", "Solution Items", "{C32FCBBE-2066-4B41-B19A-9D7106792A18}"
	ProjectSection(SolutionItems) = preProject
		LICENSE = LICENSE
		Metrolib\Metrolib.nuspec = Metrolib\Metrolib.nuspec
		README.md = README.md
	EndProjectSection
EndProject
Project("{2150E333-8FDC-42A3-9474-1A3956D46DE8}") = "Tests", "Tests", "{ACB0B72D-184C-4E3E-8D41-8560A0D25901}"
EndProject
Project("{FAE04EC0-301F-11D3-BF4B-00C04F79EFBC}") = "Netstat", "Netstat\Netstat.csproj", "{D082C633-AD0D-4EDD-AC73-611F88B0B9C7}"
EndProject
Project("{2150E333-8FDC-42A3-9474-1A3956D46DE8}") = "Samples", "Samples", "{BFEDFEA6-9998-468A-89B4-EDADFFEF6EA4}"
EndProject
Global
	GlobalSection(SolutionConfigurationPlatforms) = preSolution
		Debug|Any CPU = Debug|Any CPU
		Release|Any CPU = Release|Any CPU
	EndGlobalSection
	GlobalSection(ProjectConfigurationPlatforms) = postSolution
		{8BDC066F-3253-49EF-8096-3DFB4E032D4B}.Debug|Any CPU.ActiveCfg = Debug|Any CPU
		{8BDC066F-3253-49EF-8096-3DFB4E032D4B}.Debug|Any CPU.Build.0 = Debug|Any CPU
		{8BDC066F-3253-49EF-8096-3DFB4E032D4B}.Release|Any CPU.ActiveCfg = Release|Any CPU
		{8BDC066F-3253-49EF-8096-3DFB4E032D4B}.Release|Any CPU.Build.0 = Release|Any CPU
		{092515A0-A36C-4177-B2C5-32FCB5FF8E67}.Debug|Any CPU.ActiveCfg = Debug|Any CPU
		{092515A0-A36C-4177-B2C5-32FCB5FF8E67}.Debug|Any CPU.Build.0 = Debug|Any CPU
		{092515A0-A36C-4177-B2C5-32FCB5FF8E67}.Release|Any CPU.ActiveCfg = Release|Any CPU
		{092515A0-A36C-4177-B2C5-32FCB5FF8E67}.Release|Any CPU.Build.0 = Release|Any CPU
		{47B2A88D-1E51-469D-A24E-8F05B1FB994D}.Debug|Any CPU.ActiveCfg = Debug|Any CPU
		{47B2A88D-1E51-469D-A24E-8F05B1FB994D}.Debug|Any CPU.Build.0 = Debug|Any CPU
		{47B2A88D-1E51-469D-A24E-8F05B1FB994D}.Release|Any CPU.ActiveCfg = Release|Any CPU
		{47B2A88D-1E51-469D-A24E-8F05B1FB994D}.Release|Any CPU.Build.0 = Release|Any CPU
		{D082C633-AD0D-4EDD-AC73-611F88B0B9C7}.Debug|Any CPU.ActiveCfg = Debug|Any CPU
		{D082C633-AD0D-4EDD-AC73-611F88B0B9C7}.Debug|Any CPU.Build.0 = Debug|Any CPU
		{D082C633-AD0D-4EDD-AC73-611F88B0B9C7}.Release|Any CPU.ActiveCfg = Release|Any CPU
		{D082C633-AD0D-4EDD-AC73-611F88B0B9C7}.Release|Any CPU.Build.0 = Release|Any CPU
	EndGlobalSection
	GlobalSection(SolutionProperties) = preSolution
		HideSolutionNode = FALSE
	EndGlobalSection
	GlobalSection(NestedProjects) = preSolution
		{092515A0-A36C-4177-B2C5-32FCB5FF8E67} = {ACB0B72D-184C-4E3E-8D41-8560A0D25901}
		{D082C633-AD0D-4EDD-AC73-611F88B0B9C7} = {BFEDFEA6-9998-468A-89B4-EDADFFEF6EA4}
		{47B2A88D-1E51-469D-A24E-8F05B1FB994D} = {BFEDFEA6-9998-468A-89B4-EDADFFEF6EA4}
	EndGlobalSection
EndGlobal
